
Microsoft Visual Studio Solution File, Format Version 12.00
# Visual Studio Version 17
VisualStudioVersion = 17.6.33829.357
MinimumVisualStudioVersion = 10.0.40219.1
Project("{FAE04EC0-301F-11D3-BF4B-00C04F79EFBC}") = "TomikDávid_BejegyzesProjekt", "TomikDávid_BejegyzesProjekt\TomikDávid_BejegyzesProjekt.csproj", "{7D7B94AC-E1FA-4F78-8A53-6618DFE684F6}"
EndProject
Global
	GlobalSection(SolutionConfigurationPlatforms) = preSolution
		Debug|Any CPU = Debug|Any CPU
		Release|Any CPU = Release|Any CPU
	EndGlobalSection
	GlobalSection(ProjectConfigurationPlatforms) = postSolution
		{7D7B94AC-E1FA-4F78-8A53-6618DFE684F6}.Debug|Any CPU.ActiveCfg = Debug|Any CPU
		{7D7B94AC-E1FA-4F78-8A53-6618DFE684F6}.Debug|Any CPU.Build.0 = Debug|Any CPU
		{7D7B94AC-E1FA-4F78-8A53-6618DFE684F6}.Release|Any CPU.ActiveCfg = Release|Any CPU
		{7D7B94AC-E1FA-4F78-8A53-6618DFE684F6}.Release|Any CPU.Build.0 = Release|Any CPU
	EndGlobalSection
	GlobalSection(SolutionProperties) = preSolution
		HideSolutionNode = FALSE
	EndGlobalSection
	GlobalSection(ExtensibilityGlobals) = postSolution
		SolutionGuid = {5821F68B-44A3-4A3A-B117-6DF535D722DF}
	EndGlobalSection
EndGlobal
